
Microsoft Visual Studio Solution File, Format Version 12.00
# Visual Studio Version 16
VisualStudioVersion = 16.0.31313.79
MinimumVisualStudioVersion = 10.0.40219.1
Project("{FAE04EC0-301F-11D3-BF4B-00C04F79EFBC}") = "CustomActivities", "CustomActivities\CustomActivities.csproj", "{92463FD2-6456-4ECA-8F4A-73F89DCD009C}"
EndProject
Global
	GlobalSection(SolutionConfigurationPlatforms) = preSolution
		Debug|Any CPU = Debug|Any CPU
		Release|Any CPU = Release|Any CPU
	EndGlobalSection
	GlobalSection(ProjectConfigurationPlatforms) = postSolution
		{92463FD2-6456-4ECA-8F4A-73F89DCD009C}.Debug|Any CPU.ActiveCfg = Debug|Any CPU
		{92463FD2-6456-4ECA-8F4A-73F89DCD009C}.Debug|Any CPU.Build.0 = Debug|Any CPU
		{92463FD2-6456-4ECA-8F4A-73F89DCD009C}.Release|Any CPU.ActiveCfg = Release|Any CPU
		{92463FD2-6456-4ECA-8F4A-73F89DCD009C}.Release|Any CPU.Build.0 = Release|Any CPU
	EndGlobalSection
	GlobalSection(SolutionProperties) = preSolution
		HideSolutionNode = FALSE
	EndGlobalSection
	GlobalSection(ExtensibilityGlobals) = postSolution
		SolutionGuid = {3A84A92D-50EE-4C4E-B894-BC7181115EEB}
	EndGlobalSection
EndGlobal
